
Microsoft Visual Studio Solution File, Format Version 12.00
# Visual Studio Version 17
VisualStudioVersion = 17.7.34024.191
MinimumVisualStudioVersion = 10.0.40219.1
Project("{9A19103F-16F7-4668-BE54-9A1E7A4F7556}") = "SpeakBot", "SpeakBot.csproj", "{759DE616-68BA-4CEB-B28F-267209DF600C}"
EndProject
Global
	GlobalSection(SolutionConfigurationPlatforms) = preSolution
		Debug|Any CPU = Debug|Any CPU
		Release|Any CPU = Release|Any CPU
	EndGlobalSection
	GlobalSection(ProjectConfigurationPlatforms) = postSolution
		{759DE616-68BA-4CEB-B28F-267209DF600C}.Debug|Any CPU.ActiveCfg = Debug|Any CPU
		{759DE616-68BA-4CEB-B28F-267209DF600C}.Debug|Any CPU.Build.0 = Debug|Any CPU
		{759DE616-68BA-4CEB-B28F-267209DF600C}.Release|Any CPU.ActiveCfg = Release|Any CPU
		{759DE616-68BA-4CEB-B28F-267209DF600C}.Release|Any CPU.Build.0 = Release|Any CPU
	EndGlobalSection
	GlobalSection(SolutionProperties) = preSolution
		HideSolutionNode = FALSE
	EndGlobalSection
	GlobalSection(ExtensibilityGlobals) = postSolution
		SolutionGuid = {77912C32-9D4E-4226-A8F7-342345BDCBFF}
	EndGlobalSection
EndGlobal
